
Microsoft Visual Studio Solution File, Format Version 12.00
# Visual Studio Version 16
VisualStudioVersion = 16.0.810.8
MinimumVisualStudioVersion = 10.0.40219.1
Project("{FAE04EC0-301F-11D3-BF4B-00C04F79EFBC}") = "ZXingPopup.Android", "ZXingPopup.Android\ZXingPopup.Android.csproj", "{80A46CEF-FDAF-4D0A-B5DA-3F7558298047}"
EndProject
Project("{FAE04EC0-301F-11D3-BF4B-00C04F79EFBC}") = "ZXingPopup.iOS", "ZXingPopup.iOS\ZXingPopup.iOS.csproj", "{50FB1B49-EDC9-4EF4-94B9-99E803337EB2}"
EndProject
Project("{FAE04EC0-301F-11D3-BF4B-00C04F79EFBC}") = "ZXingPopup", "ZXingPopup\ZXingPopup.csproj", "{F47753B4-68BB-4648-AF77-6F8AC644FA7B}"
EndProject
Global
	GlobalSection(SolutionConfigurationPlatforms) = preSolution
		Debug|Any CPU = Debug|Any CPU
		Release|Any CPU = Release|Any CPU
		Debug|iPhoneSimulator = Debug|iPhoneSimulator
		Release|iPhoneSimulator = Release|iPhoneSimulator
		Debug|iPhone = Debug|iPhone
		Release|iPhone = Release|iPhone
	EndGlobalSection
	GlobalSection(ProjectConfigurationPlatforms) = postSolution
		{80A46CEF-FDAF-4D0A-B5DA-3F7558298047}.Debug|Any CPU.ActiveCfg = Debug|Any CPU
		{80A46CEF-FDAF-4D0A-B5DA-3F7558298047}.Debug|Any CPU.Build.0 = Debug|Any CPU
		{80A46CEF-FDAF-4D0A-B5DA-3F7558298047}.Release|Any CPU.ActiveCfg = Release|Any CPU
		{80A46CEF-FDAF-4D0A-B5DA-3F7558298047}.Release|Any CPU.Build.0 = Release|Any CPU
		{80A46CEF-FDAF-4D0A-B5DA-3F7558298047}.Debug|iPhoneSimulator.ActiveCfg = Debug|Any CPU
		{80A46CEF-FDAF-4D0A-B5DA-3F7558298047}.Debug|iPhoneSimulator.Build.0 = Debug|Any CPU
		{80A46CEF-FDAF-4D0A-B5DA-3F7558298047}.Release|iPhoneSimulator.ActiveCfg = Release|Any CPU
		{80A46CEF-FDAF-4D0A-B5DA-3F7558298047}.Release|iPhoneSimulator.Build.0 = Release|Any CPU
		{80A46CEF-FDAF-4D0A-B5DA-3F7558298047}.Debug|iPhone.ActiveCfg = Debug|Any CPU
		{80A46CEF-FDAF-4D0A-B5DA-3F7558298047}.Debug|iPhone.Build.0 = Debug|Any CPU
		{80A46CEF-FDAF-4D0A-B5DA-3F7558298047}.Release|iPhone.ActiveCfg = Release|Any CPU
		{80A46CEF-FDAF-4D0A-B5DA-3F7558298047}.Release|iPhone.Build.0 = Release|Any CPU
		{50FB1B49-EDC9-4EF4-94B9-99E803337EB2}.Debug|Any CPU.ActiveCfg = Debug|iPhoneSimulator
		{50FB1B49-EDC9-4EF4-94B9-99E803337EB2}.Debug|Any CPU.Build.0 = Debug|iPhoneSimulator
		{50FB1B49-EDC9-4EF4-94B9-99E803337EB2}.Release|Any CPU.ActiveCfg = Release|iPhoneSimulator
		{50FB1B49-EDC9-4EF4-94B9-99E803337EB2}.Release|Any CPU.Build.0 = Release|iPhoneSimulator
		{50FB1B49-EDC9-4EF4-94B9-99E803337EB2}.Debug|iPhoneSimulator.ActiveCfg = Debug|iPhoneSimulator
		{50FB1B49-EDC9-4EF4-94B9-99E803337EB2}.Debug|iPhoneSimulator.Build.0 = Debug|iPhoneSimulator
		{50FB1B49-EDC9-4EF4-94B9-99E803337EB2}.Release|iPhoneSimulator.ActiveCfg = Release|iPhoneSimulator
		{50FB1B49-EDC9-4EF4-94B9-99E803337EB2}.Release|iPhoneSimulator.Build.0 = Release|iPhoneSimulator
		{50FB1B49-EDC9-4EF4-94B9-99E803337EB2}.Debug|iPhone.ActiveCfg = Debug|iPhone
		{50FB1B49-EDC9-4EF4-94B9-99E803337EB2}.Debug|iPhone.Build.0 = Debug|iPhone
		{50FB1B49-EDC9-4EF4-94B9-99E803337EB2}.Release|iPhone.ActiveCfg = Release|iPhone
		{50FB1B49-EDC9-4EF4-94B9-99E803337EB2}.Release|iPhone.Build.0 = Release|iPhone
		{F47753B4-68BB-4648-AF77-6F8AC644FA7B}.Debug|Any CPU.ActiveCfg = Debug|Any CPU
		{F47753B4-68BB-4648-AF77-6F8AC644FA7B}.Debug|Any CPU.Build.0 = Debug|Any CPU
		{F47753B4-68BB-4648-AF77-6F8AC644FA7B}.Release|Any CPU.ActiveCfg = Release|Any CPU
		{F47753B4-68BB-4648-AF77-6F8AC644FA7B}.Release|Any CPU.Build.0 = Release|Any CPU
		{F47753B4-68BB-4648-AF77-6F8AC644FA7B}.Debug|iPhoneSimulator.ActiveCfg = Debug|Any CPU
		{F47753B4-68BB-4648-AF77-6F8AC644FA7B}.Debug|iPhoneSimulator.Build.0 = Debug|Any CPU
		{F47753B4-68BB-4648-AF77-6F8AC644FA7B}.Release|iPhoneSimulator.ActiveCfg = Release|Any CPU
		{F47753B4-68BB-4648-AF77-6F8AC644FA7B}.Release|iPhoneSimulator.Build.0 = Release|Any CPU
		{F47753B4-68BB-4648-AF77-6F8AC644FA7B}.Debug|iPhone.ActiveCfg = Debug|Any CPU
		{F47753B4-68BB-4648-AF77-6F8AC644FA7B}.Debug|iPhone.Build.0 = Debug|Any CPU
		{F47753B4-68BB-4648-AF77-6F8AC644FA7B}.Release|iPhone.ActiveCfg = Release|Any CPU
		{F47753B4-68BB-4648-AF77-6F8AC644FA7B}.Release|iPhone.Build.0 = Release|Any CPU
	EndGlobalSection
	GlobalSection(SolutionProperties) = preSolution
		HideSolutionNode = FALSE
	EndGlobalSection
	GlobalSection(ExtensibilityGlobals) = postSolution
		SolutionGuid = {99A48390-E00A-4260-A9E6-FEDAA4E4AB91}
	EndGlobalSection
EndGlobal
